
Microsoft Visual Studio Solution File, Format Version 12.00
# Visual Studio Version 17
VisualStudioVersion = 17.11.35219.272
MinimumVisualStudioVersion = 10.0.40219.1
Project("{FAE04EC0-301F-11D3-BF4B-00C04F79EFBC}") = "baitaptuan2", "baitaptuan2\baitaptuan2.csproj", "{B1CBDB66-F615-4C45-9A7E-F126AD123724}"
EndProject
Global
	GlobalSection(SolutionConfigurationPlatforms) = preSolution
		Debug|Any CPU = Debug|Any CPU
		Release|Any CPU = Release|Any CPU
	EndGlobalSection
	GlobalSection(ProjectConfigurationPlatforms) = postSolution
		{B1CBDB66-F615-4C45-9A7E-F126AD123724}.Debug|Any CPU.ActiveCfg = Debug|Any CPU
		{B1CBDB66-F615-4C45-9A7E-F126AD123724}.Debug|Any CPU.Build.0 = Debug|Any CPU
		{B1CBDB66-F615-4C45-9A7E-F126AD123724}.Release|Any CPU.ActiveCfg = Release|Any CPU
		{B1CBDB66-F615-4C45-9A7E-F126AD123724}.Release|Any CPU.Build.0 = Release|Any CPU
	EndGlobalSection
	GlobalSection(SolutionProperties) = preSolution
		HideSolutionNode = FALSE
	EndGlobalSection
	GlobalSection(ExtensibilityGlobals) = postSolution
		SolutionGuid = {FBCFAA22-FCBB-4BCC-9A6D-C0F181EE25DC}
	EndGlobalSection
EndGlobal
